// !$*UTF8*$!
{
	archiveVersion = 1;
	classes = {
	};
	objectVersion = 56;
	objects = {

/* Begin PBXBuildFile section */
		040EC791296DE13700980D8C /* OrderCell.swift in Sources */ = {isa = PBXBuildFile; fileRef = 040EC790296DE13700980D8C /* OrderCell.swift */; };
		042A155C296DDA3E00314394 /* Order.swift in Sources */ = {isa = PBXBuildFile; fileRef = 042A155B296DDA3E00314394 /* Order.swift */; };
		0459278B296E03ED007073B2 /* DeliveryViewController.swift in Sources */ = {isa = PBXBuildFile; fileRef = 0459278A296E03ED007073B2 /* DeliveryViewController.swift */; };
		04C3797D296892B600D03FBC /* AppDelegate.swift in Sources */ = {isa = PBXBuildFile; fileRef = 04C3797C296892B600D03FBC /* AppDelegate.swift */; };
		04C3797F296892B600D03FBC /* SceneDelegate.swift in Sources */ = {isa = PBXBuildFile; fileRef = 04C3797E296892B600D03FBC /* SceneDelegate.swift */; };
		04C37981296892B600D03FBC /* ViewController.swift in Sources */ = {isa = PBXBuildFile; fileRef = 04C37980296892B600D03FBC /* ViewController.swift */; };
		04C37984296892B600D03FBC /* Main.storyboard in Resources */ = {isa = PBXBuildFile; fileRef = 04C37982296892B600D03FBC /* Main.storyboard */; };
		04C37986296892B800D03FBC /* Assets.xcassets in Resources */ = {isa = PBXBuildFile; fileRef = 04C37985296892B800D03FBC /* Assets.xcassets */; };
		04C37989296892B800D03FBC /* LaunchScreen.storyboard in Resources */ = {isa = PBXBuildFile; fileRef = 04C37987296892B800D03FBC /* LaunchScreen.storyboard */; };
		04C379912968975C00D03FBC /* FoodCell.swift in Sources */ = {isa = PBXBuildFile; fileRef = 04C379902968975C00D03FBC /* FoodCell.swift */; };
		04C37993296899D400D03FBC /* Food.swift in Sources */ = {isa = PBXBuildFile; fileRef = 04C37992296899D400D03FBC /* Food.swift */; };
		04C379952968B47400D03FBC /* OrderViewController.swift in Sources */ = {isa = PBXBuildFile; fileRef = 04C379942968B47400D03FBC /* OrderViewController.swift */; };
/* End PBXBuildFile section */

/* Begin PBXFileReference section */
		040EC790296DE13700980D8C /* OrderCell.swift */ = {isa = PBXFileReference; lastKnownFileType = sourcecode.swift; path = OrderCell.swift; sourceTree = "<group>"; };
		042A155B296DDA3E00314394 /* Order.swift */ = {isa = PBXFileReference; lastKnownFileType = sourcecode.swift; path = Order.swift; sourceTree = "<group>"; };
		0459278A296E03ED007073B2 /* DeliveryViewController.swift */ = {isa = PBXFileReference; lastKnownFileType = sourcecode.swift; path = DeliveryViewController.swift; sourceTree = "<group>"; };
		04C37979296892B600D03FBC /* food-delivery-app.app */ = {isa = PBXFileReference; explicitFileType = wrapper.application; includeInIndex = 0; path = "food-delivery-app.app"; sourceTree = BUILT_PRODUCTS_DIR; };
		04C3797C296892B600D03FBC /* AppDelegate.swift */ = {isa = PBXFileReference; lastKnownFileType = sourcecode.swift; path = AppDelegate.swift; sourceTree = "<group>"; };
		04C3797E296892B600D03FBC /* SceneDelegate.swift */ = {isa = PBXFileReference; lastKnownFileType = sourcecode.swift; path = SceneDelegate.swift; sourceTree = "<group>"; };
		04C37980296892B600D03FBC /* ViewController.swift */ = {isa = PBXFileReference; lastKnownFileType = sourcecode.swift; path = ViewController.swift; sourceTree = "<group>"; };
		04C37983296892B600D03FBC /* Base */ = {isa = PBXFileReference; lastKnownFileType = file.storyboard; name = Base; path = Base.lproj/Main.storyboard; sourceTree = "<group>"; };
		04C37985296892B800D03FBC /* Assets.xcassets */ = {isa = PBXFileReference; lastKnownFileType = folder.assetcatalog; path = Assets.xcassets; sourceTree = "<group>"; };
		04C37988296892B800D03FBC /* Base */ = {isa = PBXFileReference; lastKnownFileType = file.storyboard; name = Base; path = Base.lproj/LaunchScreen.storyboard; sourceTree = "<group>"; };
		04C3798A296892B800D03FBC /* Info.plist */ = {isa = PBXFileReference; lastKnownFileType = text.plist.xml; path = Info.plist; sourceTree = "<group>"; };
		04C379902968975C00D03FBC /* FoodCell.swift */ = {isa = PBXFileReference; lastKnownFileType = sourcecode.swift; path = FoodCell.swift; sourceTree = "<group>"; };
		04C37992296899D400D03FBC /* Food.swift */ = {isa = PBXFileReference; lastKnownFileType = sourcecode.swift; path = Food.swift; sourceTree = "<group>"; };
		04C379942968B47400D03FBC /* OrderViewController.swift */ = {isa = PBXFileReference; lastKnownFileType = sourcecode.swift; path = OrderViewController.swift; sourceTree = "<group>"; };
/* End PBXFileReference section */

/* Begin PBXFrameworksBuildPhase section */
		04C37976296892B500D03FBC /* Frameworks */ = {
			isa = PBXFrameworksBuildPhase;
			buildActionMask = 2147483647;
			files = (
			);
			runOnlyForDeploymentPostprocessing = 0;
		};
/* End PBXFrameworksBuildPhase section */

/* Begin PBXGroup section */
		04C37970296892B500D03FBC = {
			isa = PBXGroup;
			children = (
				04C3797B296892B600D03FBC /* food-delivery-app */,
				04C3797A296892B600D03FBC /* Products */,
			);
			sourceTree = "<group>";
		};
		04C3797A296892B600D03FBC /* Products */ = {
			isa = PBXGroup;
			children = (
				04C37979296892B600D03FBC /* food-delivery-app.app */,
			);
			name = Products;
			sourceTree = "<group>";
		};
		04C3797B296892B600D03FBC /* food-delivery-app */ = {
			isa = PBXGroup;
			children = (
				04C3797C296892B600D03FBC /* AppDelegate.swift */,
				04C3797E296892B600D03FBC /* SceneDelegate.swift */,
				04C37980296892B600D03FBC /* ViewController.swift */,
				04C37982296892B600D03FBC /* Main.storyboard */,
				04C37985296892B800D03FBC /* Assets.xcassets */,
				04C37987296892B800D03FBC /* LaunchScreen.storyboard */,
				04C3798A296892B800D03FBC /* Info.plist */,
				04C379902968975C00D03FBC /* FoodCell.swift */,
				04C37992296899D400D03FBC /* Food.swift */,
				04C379942968B47400D03FBC /* OrderViewController.swift */,
				042A155B296DDA3E00314394 /* Order.swift */,
				040EC790296DE13700980D8C /* OrderCell.swift */,
				0459278A296E03ED007073B2 /* DeliveryViewController.swift */,
			);
			path = "food-delivery-app";
			sourceTree = "<group>";
		};
/* End PBXGroup section */

/* Begin PBXNativeTarget section */
		04C37978296892B500D03FBC /* food-delivery-app */ = {
			isa = PBXNativeTarget;
			buildConfigurationList = 04C3798D296892B800D03FBC /* Build configuration list for PBXNativeTarget "food-delivery-app" */;
			buildPhases = (
				04C37975296892B500D03FBC /* Sources */,
				04C37976296892B500D03FBC /* Frameworks */,
				04C37977296892B500D03FBC /* Resources */,
			);
			buildRules = (
			);
			dependencies = (
			);
			name = "food-delivery-app";
			productName = Homework4_M3;
			productReference = 04C37979296892B600D03FBC /* food-delivery-app.app */;
			productType = "com.apple.product-type.application";
		};
/* End PBXNativeTarget section */

/* Begin PBXProject section */
		04C37971296892B500D03FBC /* Project object */ = {
			isa = PBXProject;
			attributes = {
				BuildIndependentTargetsInParallel = 1;
				LastSwiftUpdateCheck = 1400;
				LastUpgradeCheck = 1400;
				TargetAttributes = {
					04C37978296892B500D03FBC = {
						CreatedOnToolsVersion = 14.0.1;
					};
				};
			};
			buildConfigurationList = 04C37974296892B500D03FBC /* Build configuration list for PBXProject "food-delivery-app" */;
			compatibilityVersion = "Xcode 14.0";
			developmentRegion = en;
			hasScannedForEncodings = 0;
			knownRegions = (
				en,
				Base,
			);
			mainGroup = 04C37970296892B500D03FBC;
			productRefGroup = 04C3797A296892B600D03FBC /* Products */;
			projectDirPath = "";
			projectRoot = "";
			targets = (
				04C37978296892B500D03FBC /* food-delivery-app */,
			);
		};
/* End PBXProject section */

/* Begin PBXResourcesBuildPhase section */
		04C37977296892B500D03FBC /* Resources */ = {
			isa = PBXResourcesBuildPhase;
			buildActionMask = 2147483647;
			files = (
				04C37989296892B800D03FBC /* LaunchScreen.storyboard in Resources */,
				04C37986296892B800D03FBC /* Assets.xcassets in Resources */,
				04C37984296892B600D03FBC /* Main.storyboard in Resources */,
			);
			runOnlyForDeploymentPostprocessing = 0;
		};
/* End PBXResourcesBuildPhase section */

/* Begin PBXSourcesBuildPhase section */
		04C37975296892B500D03FBC /* Sources */ = {
			isa = PBXSourcesBuildPhase;
			buildActionMask = 2147483647;
			files = (
				04C37981296892B600D03FBC /* ViewController.swift in Sources */,
				04C379912968975C00D03FBC /* FoodCell.swift in Sources */,
				04C37993296899D400D03FBC /* Food.swift in Sources */,
				04C3797D296892B600D03FBC /* AppDelegate.swift in Sources */,
				04C3797F296892B600D03FBC /* SceneDelegate.swift in Sources */,
				0459278B296E03ED007073B2 /* DeliveryViewController.swift in Sources */,
				04C379952968B47400D03FBC /* OrderViewController.swift in Sources */,
				040EC791296DE13700980D8C /* OrderCell.swift in Sources */,
				042A155C296DDA3E00314394 /* Order.swift in Sources */,
			);
			runOnlyForDeploymentPostprocessing = 0;
		};
/* End PBXSourcesBuildPhase section */

/* Begin PBXVariantGroup section */
		04C37982296892B600D03FBC /* Main.storyboard */ = {
			isa = PBXVariantGroup;
			children = (
				04C37983296892B600D03FBC /* Base */,
			);
			name = Main.storyboard;
			sourceTree = "<group>";
		};
		04C37987296892B800D03FBC /* LaunchScreen.storyboard */ = {
			isa = PBXVariantGroup;
			children = (
				04C37988296892B800D03FBC /* Base */,
			);
			name = LaunchScreen.storyboard;
			sourceTree = "<group>";
		};
/* End PBXVariantGroup section */

/* Begin XCBuildConfiguration section */
		04C3798B296892B800D03FBC /* Debug */ = {
			isa = XCBuildConfiguration;
			buildSettings = {
				ALWAYS_SEARCH_USER_PATHS = NO;
				CLANG_ANALYZER_NONNULL = YES;
				CLANG_ANALYZER_NUMBER_OBJECT_CONVERSION = YES_AGGRESSIVE;
				CLANG_CXX_LANGUAGE_STANDARD = "gnu++20";
				CLANG_ENABLE_MODULES = YES;
				CLANG_ENABLE_OBJC_ARC = YES;
				CLANG_ENABLE_OBJC_WEAK = YES;
				CLANG_WARN_BLOCK_CAPTURE_AUTORELEASING = YES;
				CLANG_WARN_BOOL_CONVERSION = YES;
				CLANG_WARN_COMMA = YES;
				CLANG_WARN_CONSTANT_CONVERSION = YES;
				CLANG_WARN_DEPRECATED_OBJC_IMPLEMENTATIONS = YES;
				CLANG_WARN_DIRECT_OBJC_ISA_USAGE = YES_ERROR;
				CLANG_WARN_DOCUMENTATION_COMMENTS = YES;
				CLANG_WARN_EMPTY_BODY = YES;
				CLANG_WARN_ENUM_CONVERSION = YES;
				CLANG_WARN_INFINITE_RECURSION = YES;
				CLANG_WARN_INT_CONVERSION = YES;
				CLANG_WARN_NON_LITERAL_NULL_CONVERSION = YES;
				CLANG_WARN_OBJC_IMPLICIT_RETAIN_SELF = YES;
				CLANG_WARN_OBJC_LITERAL_CONVERSION = YES;
				CLANG_WARN_OBJC_ROOT_CLASS = YES_ERROR;
				CLANG_WARN_QUOTED_INCLUDE_IN_FRAMEWORK_HEADER = YES;
				CLANG_WARN_RANGE_LOOP_ANALYSIS = YES;
				CLANG_WARN_STRICT_PROTOTYPES = YES;
				CLANG_WARN_SUSPICIOUS_MOVE = YES;
				CLANG_WARN_UNGUARDED_AVAILABILITY = YES_AGGRESSIVE;
				CLANG_WARN_UNREACHABLE_CODE = YES;
				CLANG_WARN__DUPLICATE_METHOD_MATCH = YES;
				COPY_PHASE_STRIP = NO;
				DEBUG_INFORMATION_FORMAT = dwarf;
				ENABLE_STRICT_OBJC_MSGSEND = YES;
				ENABLE_TESTABILITY = YES;
				GCC_C_LANGUAGE_STANDARD = gnu11;
				GCC_DYNAMIC_NO_PIC = NO;
				GCC_NO_COMMON_BLOCKS = YES;
				GCC_OPTIMIZATION_LEVEL = 0;
				GCC_PREPROCESSOR_DEFINITIONS = (
					"DEBUG=1",
					"$(inherited)",
				);
				GCC_WARN_64_TO_32_BIT_CONVERSION = YES;
				GCC_WARN_ABOUT_RETURN_TYPE = YES_ERROR;
				GCC_WARN_UNDECLARED_SELECTOR = YES;
				GCC_WARN_UNINITIALIZED_AUTOS = YES_AGGRESSIVE;
				GCC_WARN_UNUSED_FUNCTION = YES;
				GCC_WARN_UNUSED_VARIABLE = YES;
				IPHONEOS_DEPLOYMENT_TARGET = 16.0;
				MTL_ENABLE_DEBUG_INFO = INCLUDE_SOURCE;
				MTL_FAST_MATH = YES;
				ONLY_ACTIVE_ARCH = YES;
				SDKROOT = iphoneos;
				SWIFT_ACTIVE_COMPILATION_CONDITIONS = DEBUG;
				SWIFT_OPTIMIZATION_LEVEL = "-Onone";
			};
			name = Debug;
		};
		04C3798C296892B800D03FBC /* Release */ = {
			isa = XCBuildConfiguration;
			buildSettings = {
				ALWAYS_SEARCH_USER_PATHS = NO;
				CLANG_ANALYZER_NONNULL = YES;
				CLANG_ANALYZER_NUMBER_OBJECT_CONVERSION = YES_AGGRESSIVE;
				CLANG_CXX_LANGUAGE_STANDARD = "gnu++20";
				CLANG_ENABLE_MODULES = YES;
				CLANG_ENABLE_OBJC_ARC = YES;
				CLANG_ENABLE_OBJC_WEAK = YES;
				CLANG_WARN_BLOCK_CAPTURE_AUTORELEASING = YES;
				CLANG_WARN_BOOL_CONVERSION = YES;
				CLANG_WARN_COMMA = YES;
				CLANG_WARN_CONSTANT_CONVERSION = YES;
				CLANG_WARN_DEPRECATED_OBJC_IMPLEMENTATIONS = YES;
				CLANG_WARN_DIRECT_OBJC_ISA_USAGE = YES_ERROR;
				CLANG_WARN_DOCUMENTATION_COMMENTS = YES;
				CLANG_WARN_EMPTY_BODY = YES;
				CLANG_WARN_ENUM_CONVERSION = YES;
				CLANG_WARN_INFINITE_RECURSION = YES;
				CLANG_WARN_INT_CONVERSION = YES;
				CLANG_WARN_NON_LITERAL_NULL_CONVERSION = YES;
				CLANG_WARN_OBJC_IMPLICIT_RETAIN_SELF = YES;
				CLANG_WARN_OBJC_LITERAL_CONVERSION = YES;
				CLANG_WARN_OBJC_ROOT_CLASS = YES_ERROR;
				CLANG_WARN_QUOTED_INCLUDE_IN_FRAMEWORK_HEADER = YES;
				CLANG_WARN_RANGE_LOOP_ANALYSIS = YES;
				CLANG_WARN_STRICT_PROTOTYPES = YES;
				CLANG_WARN_SUSPICIOUS_MOVE = YES;
				CLANG_WARN_UNGUARDED_AVAILABILITY = YES_AGGRESSIVE;
				CLANG_WARN_UNREACHABLE_CODE = YES;
				CLANG_WARN__DUPLICATE_METHOD_MATCH = YES;
				COPY_PHASE_STRIP = NO;
				DEBUG_INFORMATION_FORMAT = "dwarf-with-dsym";
				ENABLE_NS_ASSERTIONS = NO;
				ENABLE_STRICT_OBJC_MSGSEND = YES;
				GCC_C_LANGUAGE_STANDARD = gnu11;
				GCC_NO_COMMON_BLOCKS = YES;
				GCC_WARN_64_TO_32_BIT_CONVERSION = YES;
				GCC_WARN_ABOUT_RETURN_TYPE = YES_ERROR;
				GCC_WARN_UNDECLARED_SELECTOR = YES;
				GCC_WARN_UNINITIALIZED_AUTOS = YES_AGGRESSIVE;
				GCC_WARN_UNUSED_FUNCTION = YES;
				GCC_WARN_UNUSED_VARIABLE = YES;
				IPHONEOS_DEPLOYMENT_TARGET = 16.0;
				MTL_ENABLE_DEBUG_INFO = NO;
				MTL_FAST_MATH = YES;
				SDKROOT = iphoneos;
				SWIFT_COMPILATION_MODE = wholemodule;
				SWIFT_OPTIMIZATION_LEVEL = "-O";
				VALIDATE_PRODUCT = YES;
			};
			name = Release;
		};
		04C3798E296892B800D03FBC /* Debug */ = {
			isa = XCBuildConfiguration;
			buildSettings = {
				ASSETCATALOG_COMPILER_APPICON_NAME = AppIcon;
				ASSETCATALOG_COMPILER_GLOBAL_ACCENT_COLOR_NAME = AccentColor;
				CODE_SIGN_STYLE = Automatic;
				CURRENT_PROJECT_VERSION = 1;
				GENERATE_INFOPLIST_FILE = YES;
				INFOPLIST_FILE = "food-delivery-app/Info.plist";
				INFOPLIST_KEY_UIApplicationSupportsIndirectInputEvents = YES;
				INFOPLIST_KEY_UILaunchStoryboardName = LaunchScreen;
				INFOPLIST_KEY_UIMainStoryboardFile = Main;
				INFOPLIST_KEY_UISupportedInterfaceOrientations_iPad = "UIInterfaceOrientationPortrait UIInterfaceOrientationPortraitUpsideDown UIInterfaceOrientationLandscapeLeft UIInterfaceOrientationLandscapeRight";
				INFOPLIST_KEY_UISupportedInterfaceOrientations_iPhone = "UIInterfaceOrientationPortrait UIInterfaceOrientationLandscapeLeft UIInterfaceOrientationLandscapeRight";
				LD_RUNPATH_SEARCH_PATHS = (
					"$(inherited)",
					"@executable_path/Frameworks",
				);
				MARKETING_VERSION = 1.0;
				PRODUCT_BUNDLE_IDENTIFIER = "geekTech.food-delivery-app";
				PRODUCT_NAME = "$(TARGET_NAME)";
				SWIFT_EMIT_LOC_STRINGS = YES;
				SWIFT_VERSION = 5.0;
				TARGETED_DEVICE_FAMILY = "1,2";
			};
			name = Debug;
		};
		04C3798F296892B800D03FBC /* Release */ = {
			isa = XCBuildConfiguration;
			buildSettings = {
				ASSETCATALOG_COMPILER_APPICON_NAME = AppIcon;
				ASSETCATALOG_COMPILER_GLOBAL_ACCENT_COLOR_NAME = AccentColor;
				CODE_SIGN_STYLE = Automatic;
				CURRENT_PROJECT_VERSION = 1;
				GENERATE_INFOPLIST_FILE = YES;
				INFOPLIST_FILE = "food-delivery-app/Info.plist";
				INFOPLIST_KEY_UIApplicationSupportsIndirectInputEvents = YES;
				INFOPLIST_KEY_UILaunchStoryboardName = LaunchScreen;
				INFOPLIST_KEY_UIMainStoryboardFile = Main;
				INFOPLIST_KEY_UISupportedInterfaceOrientations_iPad = "UIInterfaceOrientationPortrait UIInterfaceOrientationPortraitUpsideDown UIInterfaceOrientationLandscapeLeft UIInterfaceOrientationLandscapeRight";
				INFOPLIST_KEY_UISupportedInterfaceOrientations_iPhone = "UIInterfaceOrientationPortrait UIInterfaceOrientationLandscapeLeft UIInterfaceOrientationLandscapeRight";
				LD_RUNPATH_SEARCH_PATHS = (
					"$(inherited)",
					"@executable_path/Frameworks",
				);
				MARKETING_VERSION = 1.0;
				PRODUCT_BUNDLE_IDENTIFIER = "geekTech.food-delivery-app";
				PRODUCT_NAME = "$(TARGET_NAME)";
				SWIFT_EMIT_LOC_STRINGS = YES;
				SWIFT_VERSION = 5.0;
				TARGETED_DEVICE_FAMILY = "1,2";
			};
			name = Release;
		};
/* End XCBuildConfiguration section */

/* Begin XCConfigurationList section */
		04C37974296892B500D03FBC /* Build configuration list for PBXProject "food-delivery-app" */ = {
			isa = XCConfigurationList;
			buildConfigurations = (
				04C3798B296892B800D03FBC /* Debug */,
				04C3798C296892B800D03FBC /* Release */,
			);
			defaultConfigurationIsVisible = 0;
			defaultConfigurationName = Release;
		};
		04C3798D296892B800D03FBC /* Build configuration list for PBXNativeTarget "food-delivery-app" */ = {
			isa = XCConfigurationList;
			buildConfigurations = (
				04C3798E296892B800D03FBC /* Debug */,
				04C3798F296892B800D03FBC /* Release */,
			);
			defaultConfigurationIsVisible = 0;
			defaultConfigurationName = Release;
		};
/* End XCConfigurationList section */
	};
	rootObject = 04C37971296892B500D03FBC /* Project object */;
}
